// !$*UTF8*$!
{
	archiveVersion = 1;
	classes = {
	};
	objectVersion = 50;
	objects = {

/* Begin PBXBuildFile section */
		30B34AA3251A5A7D00D412E1 /* AppDelegate.swift in Sources */ = {isa = PBXBuildFile; fileRef = 30B34AA2251A5A7D00D412E1 /* AppDelegate.swift */; };
		30B34AA5251A5A7D00D412E1 /* SceneDelegate.swift in Sources */ = {isa = PBXBuildFile; fileRef = 30B34AA4251A5A7D00D412E1 /* SceneDelegate.swift */; };
		30B34AA7251A5A7D00D412E1 /* ViewController.swift in Sources */ = {isa = PBXBuildFile; fileRef = 30B34AA6251A5A7D00D412E1 /* ViewController.swift */; };
		30B34AAA251A5A7D00D412E1 /* Main.storyboard in Resources */ = {isa = PBXBuildFile; fileRef = 30B34AA8251A5A7D00D412E1 /* Main.storyboard */; };
		30B34AAC251A5A7F00D412E1 /* Assets.xcassets in Resources */ = {isa = PBXBuildFile; fileRef = 30B34AAB251A5A7F00D412E1 /* Assets.xcassets */; };
		30B34AAF251A5A7F00D412E1 /* LaunchScreen.storyboard in Resources */ = {isa = PBXBuildFile; fileRef = 30B34AAD251A5A7F00D412E1 /* LaunchScreen.storyboard */; };
		30B34ABA251A5A8000D412E1 /* ShareLocationAppTests.swift in Sources */ = {isa = PBXBuildFile; fileRef = 30B34AB9251A5A8000D412E1 /* ShareLocationAppTests.swift */; };
		30B34AC5251A5A8000D412E1 /* ShareLocationAppUITests.swift in Sources */ = {isa = PBXBuildFile; fileRef = 30B34AC4251A5A8000D412E1 /* ShareLocationAppUITests.swift */; };
/* End PBXBuildFile section */

/* Begin PBXContainerItemProxy section */
		30B34AB6251A5A8000D412E1 /* PBXContainerItemProxy */ = {
			isa = PBXContainerItemProxy;
			containerPortal = 30B34A97251A5A7D00D412E1 /* Project object */;
			proxyType = 1;
			remoteGlobalIDString = 30B34A9E251A5A7D00D412E1;
			remoteInfo = ShareLocationApp;
		};
		30B34AC1251A5A8000D412E1 /* PBXContainerItemProxy */ = {
			isa = PBXContainerItemProxy;
			containerPortal = 30B34A97251A5A7D00D412E1 /* Project object */;
			proxyType = 1;
			remoteGlobalIDString = 30B34A9E251A5A7D00D412E1;
			remoteInfo = ShareLocationApp;
		};
/* End PBXContainerItemProxy section */

/* Begin PBXFileReference section */
		30B34A9F251A5A7D00D412E1 /* ShareLocationApp.app */ = {isa = PBXFileReference; explicitFileType = wrapper.application; includeInIndex = 0; path = ShareLocationApp.app; sourceTree = BUILT_PRODUCTS_DIR; };
		30B34AA2251A5A7D00D412E1 /* AppDelegate.swift */ = {isa = PBXFileReference; lastKnownFileType = sourcecode.swift; path = AppDelegate.swift; sourceTree = "<group>"; };
		30B34AA4251A5A7D00D412E1 /* SceneDelegate.swift */ = {isa = PBXFileReference; lastKnownFileType = sourcecode.swift; path = SceneDelegate.swift; sourceTree = "<group>"; };
		30B34AA6251A5A7D00D412E1 /* ViewController.swift */ = {isa = PBXFileReference; lastKnownFileType = sourcecode.swift; path = ViewController.swift; sourceTree = "<group>"; };
		30B34AA9251A5A7D00D412E1 /* Base */ = {isa = PBXFileReference; lastKnownFileType = file.storyboard; name = Base; path = Base.lproj/Main.storyboard; sourceTree = "<group>"; };
		30B34AAB251A5A7F00D412E1 /* Assets.xcassets */ = {isa = PBXFileReference; lastKnownFileType = folder.assetcatalog; path = Assets.xcassets; sourceTree = "<group>"; };
		30B34AAE251A5A7F00D412E1 /* Base */ = {isa = PBXFileReference; lastKnownFileType = file.storyboard; name = Base; path = Base.lproj/LaunchScreen.storyboard; sourceTree = "<group>"; };
		30B34AB0251A5A7F00D412E1 /* Info.plist */ = {isa = PBXFileReference; lastKnownFileType = text.plist.xml; path = Info.plist; sourceTree = "<group>"; };
		30B34AB5251A5A8000D412E1 /* ShareLocationAppTests.xctest */ = {isa = PBXFileReference; explicitFileType = wrapper.cfbundle; includeInIndex = 0; path = ShareLocationAppTests.xctest; sourceTree = BUILT_PRODUCTS_DIR; };
		30B34AB9251A5A8000D412E1 /* ShareLocationAppTests.swift */ = {isa = PBXFileReference; lastKnownFileType = sourcecode.swift; path = ShareLocationAppTests.swift; sourceTree = "<group>"; };
		30B34ABB251A5A8000D412E1 /* Info.plist */ = {isa = PBXFileReference; lastKnownFileType = text.plist.xml; path = Info.plist; sourceTree = "<group>"; };
		30B34AC0251A5A8000D412E1 /* ShareLocationAppUITests.xctest */ = {isa = PBXFileReference; explicitFileType = wrapper.cfbundle; includeInIndex = 0; path = ShareLocationAppUITests.xctest; sourceTree = BUILT_PRODUCTS_DIR; };
		30B34AC4251A5A8000D412E1 /* ShareLocationAppUITests.swift */ = {isa = PBXFileReference; lastKnownFileType = sourcecode.swift; path = ShareLocationAppUITests.swift; sourceTree = "<group>"; };
		30B34AC6251A5A8000D412E1 /* Info.plist */ = {isa = PBXFileReference; lastKnownFileType = text.plist.xml; path = Info.plist; sourceTree = "<group>"; };
/* End PBXFileReference section */

/* Begin PBXFrameworksBuildPhase section */
		30B34A9C251A5A7D00D412E1 /* Frameworks */ = {
			isa = PBXFrameworksBuildPhase;
			buildActionMask = 2147483647;
			files = (
			);
			runOnlyForDeploymentPostprocessing = 0;
		};
		30B34AB2251A5A8000D412E1 /* Frameworks */ = {
			isa = PBXFrameworksBuildPhase;
			buildActionMask = 2147483647;
			files = (
			);
			runOnlyForDeploymentPostprocessing = 0;
		};
		30B34ABD251A5A8000D412E1 /* Frameworks */ = {
			isa = PBXFrameworksBuildPhase;
			buildActionMask = 2147483647;
			files = (
			);
			runOnlyForDeploymentPostprocessing = 0;
		};
/* End PBXFrameworksBuildPhase section */

/* Begin PBXGroup section */
		30B34A96251A5A7D00D412E1 = {
			isa = PBXGroup;
			children = (
				30B34AA1251A5A7D00D412E1 /* ShareLocationApp */,
				30B34AB8251A5A8000D412E1 /* ShareLocationAppTests */,
				30B34AC3251A5A8000D412E1 /* ShareLocationAppUITests */,
				30B34AA0251A5A7D00D412E1 /* Products */,
			);
			sourceTree = "<group>";
		};
		30B34AA0251A5A7D00D412E1 /* Products */ = {
			isa = PBXGroup;
			children = (
				30B34A9F251A5A7D00D412E1 /* ShareLocationApp.app */,
				30B34AB5251A5A8000D412E1 /* ShareLocationAppTests.xctest */,
				30B34AC0251A5A8000D412E1 /* ShareLocationAppUITests.xctest */,
			);
			name = Products;
			sourceTree = "<group>";
		};
		30B34AA1251A5A7D00D412E1 /* ShareLocationApp */ = {
			isa = PBXGroup;
			children = (
				30B34AA2251A5A7D00D412E1 /* AppDelegate.swift */,
				30B34AA4251A5A7D00D412E1 /* SceneDelegate.swift */,
				30B34AA6251A5A7D00D412E1 /* ViewController.swift */,
				30B34AA8251A5A7D00D412E1 /* Main.storyboard */,
				30B34AAB251A5A7F00D412E1 /* Assets.xcassets */,
				30B34AAD251A5A7F00D412E1 /* LaunchScreen.storyboard */,
				30B34AB0251A5A7F00D412E1 /* Info.plist */,
			);
			path = ShareLocationApp;
			sourceTree = "<group>";
		};
		30B34AB8251A5A8000D412E1 /* ShareLocationAppTests */ = {
			isa = PBXGroup;
			children = (
				30B34AB9251A5A8000D412E1 /* ShareLocationAppTests.swift */,
				30B34ABB251A5A8000D412E1 /* Info.plist */,
			);
			path = ShareLocationAppTests;
			sourceTree = "<group>";
		};
		30B34AC3251A5A8000D412E1 /* ShareLocationAppUITests */ = {
			isa = PBXGroup;
			children = (
				30B34AC4251A5A8000D412E1 /* ShareLocationAppUITests.swift */,
				30B34AC6251A5A8000D412E1 /* Info.plist */,
			);
			path = ShareLocationAppUITests;
			sourceTree = "<group>";
		};
/* End PBXGroup section */

/* Begin PBXNativeTarget section */
		30B34A9E251A5A7D00D412E1 /* ShareLocationApp */ = {
			isa = PBXNativeTarget;
			buildConfigurationList = 30B34AC9251A5A8000D412E1 /* Build configuration list for PBXNativeTarget "ShareLocationApp" */;
			buildPhases = (
				30B34A9B251A5A7D00D412E1 /* Sources */,
				30B34A9C251A5A7D00D412E1 /* Frameworks */,
				30B34A9D251A5A7D00D412E1 /* Resources */,
			);
			buildRules = (
			);
			dependencies = (
			);
			name = ShareLocationApp;
			productName = ShareLocationApp;
			productReference = 30B34A9F251A5A7D00D412E1 /* ShareLocationApp.app */;
			productType = "com.apple.product-type.application";
		};
		30B34AB4251A5A8000D412E1 /* ShareLocationAppTests */ = {
			isa = PBXNativeTarget;
			buildConfigurationList = 30B34ACC251A5A8000D412E1 /* Build configuration list for PBXNativeTarget "ShareLocationAppTests" */;
			buildPhases = (
				30B34AB1251A5A8000D412E1 /* Sources */,
				30B34AB2251A5A8000D412E1 /* Frameworks */,
				30B34AB3251A5A8000D412E1 /* Resources */,
			);
			buildRules = (
			);
			dependencies = (
				30B34AB7251A5A8000D412E1 /* PBXTargetDependency */,
			);
			name = ShareLocationAppTests;
			productName = ShareLocationAppTests;
			productReference = 30B34AB5251A5A8000D412E1 /* ShareLocationAppTests.xctest */;
			productType = "com.apple.product-type.bundle.unit-test";
		};
		30B34ABF251A5A8000D412E1 /* ShareLocationAppUITests */ = {
			isa = PBXNativeTarget;
			buildConfigurationList = 30B34ACF251A5A8000D412E1 /* Build configuration list for PBXNativeTarget "ShareLocationAppUITests" */;
			buildPhases = (
				30B34ABC251A5A8000D412E1 /* Sources */,
				30B34ABD251A5A8000D412E1 /* Frameworks */,
				30B34ABE251A5A8000D412E1 /* Resources */,
			);
			buildRules = (
			);
			dependencies = (
				30B34AC2251A5A8000D412E1 /* PBXTargetDependency */,
			);
			name = ShareLocationAppUITests;
			productName = ShareLocationAppUITests;
			productReference = 30B34AC0251A5A8000D412E1 /* ShareLocationAppUITests.xctest */;
			productType = "com.apple.product-type.bundle.ui-testing";
		};
/* End PBXNativeTarget section */

/* Begin PBXProject section */
		30B34A97251A5A7D00D412E1 /* Project object */ = {
			isa = PBXProject;
			attributes = {
				LastSwiftUpdateCheck = 1170;
				LastUpgradeCheck = 1170;
				ORGANIZATIONNAME = Shehzad;
				TargetAttributes = {
					30B34A9E251A5A7D00D412E1 = {
						CreatedOnToolsVersion = 11.7;
					};
					30B34AB4251A5A8000D412E1 = {
						CreatedOnToolsVersion = 11.7;
						TestTargetID = 30B34A9E251A5A7D00D412E1;
					};
					30B34ABF251A5A8000D412E1 = {
						CreatedOnToolsVersion = 11.7;
						TestTargetID = 30B34A9E251A5A7D00D412E1;
					};
				};
			};
			buildConfigurationList = 30B34A9A251A5A7D00D412E1 /* Build configuration list for PBXProject "ShareLocationApp" */;
			compatibilityVersion = "Xcode 9.3";
			developmentRegion = en;
			hasScannedForEncodings = 0;
			knownRegions = (
				en,
				Base,
			);
			mainGroup = 30B34A96251A5A7D00D412E1;
			productRefGroup = 30B34AA0251A5A7D00D412E1 /* Products */;
			projectDirPath = "";
			projectRoot = "";
			targets = (
				30B34A9E251A5A7D00D412E1 /* ShareLocationApp */,
				30B34AB4251A5A8000D412E1 /* ShareLocationAppTests */,
				30B34ABF251A5A8000D412E1 /* ShareLocationAppUITests */,
			);
		};
/* End PBXProject section */

/* Begin PBXResourcesBuildPhase section */
		30B34A9D251A5A7D00D412E1 /* Resources */ = {
			isa = PBXResourcesBuildPhase;
			buildActionMask = 2147483647;
			files = (
				30B34AAF251A5A7F00D412E1 /* LaunchScreen.storyboard in Resources */,
				30B34AAC251A5A7F00D412E1 /* Assets.xcassets in Resources */,
				30B34AAA251A5A7D00D412E1 /* Main.storyboard in Resources */,
			);
			runOnlyForDeploymentPostprocessing = 0;
		};
		30B34AB3251A5A8000D412E1 /* Resources */ = {
			isa = PBXResourcesBuildPhase;
			buildActionMask = 2147483647;
			files = (
			);
			runOnlyForDeploymentPostprocessing = 0;
		};
		30B34ABE251A5A8000D412E1 /* Resources */ = {
			isa = PBXResourcesBuildPhase;
			buildActionMask = 2147483647;
			files = (
			);
			runOnlyForDeploymentPostprocessing = 0;
		};
/* End PBXResourcesBuildPhase section */

/* Begin PBXSourcesBuildPhase section */
		30B34A9B251A5A7D00D412E1 /* Sources */ = {
			isa = PBXSourcesBuildPhase;
			buildActionMask = 2147483647;
			files = (
				30B34AA7251A5A7D00D412E1 /* ViewController.swift in Sources */,
				30B34AA3251A5A7D00D412E1 /* AppDelegate.swift in Sources */,
				30B34AA5251A5A7D00D412E1 /* SceneDelegate.swift in Sources */,
			);
			runOnlyForDeploymentPostprocessing = 0;
		};
		30B34AB1251A5A8000D412E1 /* Sources */ = {
			isa = PBXSourcesBuildPhase;
			buildActionMask = 2147483647;
			files = (
				30B34ABA251A5A8000D412E1 /* ShareLocationAppTests.swift in Sources */,
			);
			runOnlyForDeploymentPostprocessing = 0;
		};
		30B34ABC251A5A8000D412E1 /* Sources */ = {
			isa = PBXSourcesBuildPhase;
			buildActionMask = 2147483647;
			files = (
				30B34AC5251A5A8000D412E1 /* ShareLocationAppUITests.swift in Sources */,
			);
			runOnlyForDeploymentPostprocessing = 0;
		};
/* End PBXSourcesBuildPhase section */

/* Begin PBXTargetDependency section */
		30B34AB7251A5A8000D412E1 /* PBXTargetDependency */ = {
			isa = PBXTargetDependency;
			target = 30B34A9E251A5A7D00D412E1 /* ShareLocationApp */;
			targetProxy = 30B34AB6251A5A8000D412E1 /* PBXContainerItemProxy */;
		};
		30B34AC2251A5A8000D412E1 /* PBXTargetDependency */ = {
			isa = PBXTargetDependency;
			target = 30B34A9E251A5A7D00D412E1 /* ShareLocationApp */;
			targetProxy = 30B34AC1251A5A8000D412E1 /* PBXContainerItemProxy */;
		};
/* End PBXTargetDependency section */

/* Begin PBXVariantGroup section */
		30B34AA8251A5A7D00D412E1 /* Main.storyboard */ = {
			isa = PBXVariantGroup;
			children = (
				30B34AA9251A5A7D00D412E1 /* Base */,
			);
			name = Main.storyboard;
			sourceTree = "<group>";
		};
		30B34AAD251A5A7F00D412E1 /* LaunchScreen.storyboard */ = {
			isa = PBXVariantGroup;
			children = (
				30B34AAE251A5A7F00D412E1 /* Base */,
			);
			name = LaunchScreen.storyboard;
			sourceTree = "<group>";
		};
/* End PBXVariantGroup section */

/* Begin XCBuildConfiguration section */
		30B34AC7251A5A8000D412E1 /* Debug */ = {
			isa = XCBuildConfiguration;
			buildSettings = {
				ALWAYS_SEARCH_USER_PATHS = NO;
				CLANG_ANALYZER_NONNULL = YES;
				CLANG_ANALYZER_NUMBER_OBJECT_CONVERSION = YES_AGGRESSIVE;
				CLANG_CXX_LANGUAGE_STANDARD = "gnu++14";
				CLANG_CXX_LIBRARY = "libc++";
				CLANG_ENABLE_MODULES = YES;
				CLANG_ENABLE_OBJC_ARC = YES;
				CLANG_ENABLE_OBJC_WEAK = YES;
				CLANG_WARN_BLOCK_CAPTURE_AUTORELEASING = YES;
				CLANG_WARN_BOOL_CONVERSION = YES;
				CLANG_WARN_COMMA = YES;
				CLANG_WARN_CONSTANT_CONVERSION = YES;
				CLANG_WARN_DEPRECATED_OBJC_IMPLEMENTATIONS = YES;
				CLANG_WARN_DIRECT_OBJC_ISA_USAGE = YES_ERROR;
				CLANG_WARN_DOCUMENTATION_COMMENTS = YES;
				CLANG_WARN_EMPTY_BODY = YES;
				CLANG_WARN_ENUM_CONVERSION = YES;
				CLANG_WARN_INFINITE_RECURSION = YES;
				CLANG_WARN_INT_CONVERSION = YES;
				CLANG_WARN_NON_LITERAL_NULL_CONVERSION = YES;
				CLANG_WARN_OBJC_IMPLICIT_RETAIN_SELF = YES;
				CLANG_WARN_OBJC_LITERAL_CONVERSION = YES;
				CLANG_WARN_OBJC_ROOT_CLASS = YES_ERROR;
				CLANG_WARN_RANGE_LOOP_ANALYSIS = YES;
				CLANG_WARN_STRICT_PROTOTYPES = YES;
				CLANG_WARN_SUSPICIOUS_MOVE = YES;
				CLANG_WARN_UNGUARDED_AVAILABILITY = YES_AGGRESSIVE;
				CLANG_WARN_UNREACHABLE_CODE = YES;
				CLANG_WARN__DUPLICATE_METHOD_MATCH = YES;
				COPY_PHASE_STRIP = NO;
				DEBUG_INFORMATION_FORMAT = dwarf;
				ENABLE_STRICT_OBJC_MSGSEND = YES;
				ENABLE_TESTABILITY = YES;
				GCC_C_LANGUAGE_STANDARD = gnu11;
				GCC_DYNAMIC_NO_PIC = NO;
				GCC_NO_COMMON_BLOCKS = YES;
				GCC_OPTIMIZATION_LEVEL = 0;
				GCC_PREPROCESSOR_DEFINITIONS = (
					"DEBUG=1",
					"$(inherited)",
				);
				GCC_WARN_64_TO_32_BIT_CONVERSION = YES;
				GCC_WARN_ABOUT_RETURN_TYPE = YES_ERROR;
				GCC_WARN_UNDECLARED_SELECTOR = YES;
				GCC_WARN_UNINITIALIZED_AUTOS = YES_AGGRESSIVE;
				GCC_WARN_UNUSED_FUNCTION = YES;
				GCC_WARN_UNUSED_VARIABLE = YES;
				IPHONEOS_DEPLOYMENT_TARGET = 13.7;
				MTL_ENABLE_DEBUG_INFO = INCLUDE_SOURCE;
				MTL_FAST_MATH = YES;
				ONLY_ACTIVE_ARCH = YES;
				SDKROOT = iphoneos;
				SWIFT_ACTIVE_COMPILATION_CONDITIONS = DEBUG;
				SWIFT_OPTIMIZATION_LEVEL = "-Onone";
			};
			name = Debug;
		};
		30B34AC8251A5A8000D412E1 /* Release */ = {
			isa = XCBuildConfiguration;
			buildSettings = {
				ALWAYS_SEARCH_USER_PATHS = NO;
				CLANG_ANALYZER_NONNULL = YES;
				CLANG_ANALYZER_NUMBER_OBJECT_CONVERSION = YES_AGGRESSIVE;
				CLANG_CXX_LANGUAGE_STANDARD = "gnu++14";
				CLANG_CXX_LIBRARY = "libc++";
				CLANG_ENABLE_MODULES = YES;
				CLANG_ENABLE_OBJC_ARC = YES;
				CLANG_ENABLE_OBJC_WEAK = YES;
				CLANG_WARN_BLOCK_CAPTURE_AUTORELEASING = YES;
				CLANG_WARN_BOOL_CONVERSION = YES;
				CLANG_WARN_COMMA = YES;
				CLANG_WARN_CONSTANT_CONVERSION = YES;
				CLANG_WARN_DEPRECATED_OBJC_IMPLEMENTATIONS = YES;
				CLANG_WARN_DIRECT_OBJC_ISA_USAGE = YES_ERROR;
				CLANG_WARN_DOCUMENTATION_COMMENTS = YES;
				CLANG_WARN_EMPTY_BODY = YES;
				CLANG_WARN_ENUM_CONVERSION = YES;
				CLANG_WARN_INFINITE_RECURSION = YES;
				CLANG_WARN_INT_CONVERSION = YES;
				CLANG_WARN_NON_LITERAL_NULL_CONVERSION = YES;
				CLANG_WARN_OBJC_IMPLICIT_RETAIN_SELF = YES;
				CLANG_WARN_OBJC_LITERAL_CONVERSION = YES;
				CLANG_WARN_OBJC_ROOT_CLASS = YES_ERROR;
				CLANG_WARN_RANGE_LOOP_ANALYSIS = YES;
				CLANG_WARN_STRICT_PROTOTYPES = YES;
				CLANG_WARN_SUSPICIOUS_MOVE = YES;
				CLANG_WARN_UNGUARDED_AVAILABILITY = YES_AGGRESSIVE;
				CLANG_WARN_UNREACHABLE_CODE = YES;
				CLANG_WARN__DUPLICATE_METHOD_MATCH = YES;
				COPY_PHASE_STRIP = NO;
				DEBUG_INFORMATION_FORMAT = "dwarf-with-dsym";
				ENABLE_NS_ASSERTIONS = NO;
				ENABLE_STRICT_OBJC_MSGSEND = YES;
				GCC_C_LANGUAGE_STANDARD = gnu11;
				GCC_NO_COMMON_BLOCKS = YES;
				GCC_WARN_64_TO_32_BIT_CONVERSION = YES;
				GCC_WARN_ABOUT_RETURN_TYPE = YES_ERROR;
				GCC_WARN_UNDECLARED_SELECTOR = YES;
				GCC_WARN_UNINITIALIZED_AUTOS = YES_AGGRESSIVE;
				GCC_WARN_UNUSED_FUNCTION = YES;
				GCC_WARN_UNUSED_VARIABLE = YES;
				IPHONEOS_DEPLOYMENT_TARGET = 13.7;
				MTL_ENABLE_DEBUG_INFO = NO;
				MTL_FAST_MATH = YES;
				SDKROOT = iphoneos;
				SWIFT_COMPILATION_MODE = wholemodule;
				SWIFT_OPTIMIZATION_LEVEL = "-O";
				VALIDATE_PRODUCT = YES;
			};
			name = Release;
		};
		30B34ACA251A5A8000D412E1 /* Debug */ = {
			isa = XCBuildConfiguration;
			buildSettings = {
				ASSETCATALOG_COMPILER_APPICON_NAME = AppIcon;
				CODE_SIGN_STYLE = Automatic;
				DEVELOPMENT_TEAM = JYNHF6P534;
				INFOPLIST_FILE = ShareLocationApp/Info.plist;
				LD_RUNPATH_SEARCH_PATHS = (
					"$(inherited)",
					"@executable_path/Frameworks",
				);
				PRODUCT_BUNDLE_IDENTIFIER = shaxad.ShareLocationApp;
				PRODUCT_NAME = "$(TARGET_NAME)";
				SWIFT_VERSION = 5.0;
				TARGETED_DEVICE_FAMILY = "1,2";
			};
			name = Debug;
		};
		30B34ACB251A5A8000D412E1 /* Release */ = {
			isa = XCBuildConfiguration;
			buildSettings = {
				ASSETCATALOG_COMPILER_APPICON_NAME = AppIcon;
				CODE_SIGN_STYLE = Automatic;
				DEVELOPMENT_TEAM = JYNHF6P534;
				INFOPLIST_FILE = ShareLocationApp/Info.plist;
				LD_RUNPATH_SEARCH_PATHS = (
					"$(inherited)",
					"@executable_path/Frameworks",
				);
				PRODUCT_BUNDLE_IDENTIFIER = shaxad.ShareLocationApp;
				PRODUCT_NAME = "$(TARGET_NAME)";
				SWIFT_VERSION = 5.0;
				TARGETED_DEVICE_FAMILY = "1,2";
			};
			name = Release;
		};
		30B34ACD251A5A8000D412E1 /* Debug */ = {
			isa = XCBuildConfiguration;
			buildSettings = {
				ALWAYS_EMBED_SWIFT_STANDARD_LIBRARIES = YES;
				BUNDLE_LOADER = "$(TEST_HOST)";
				CODE_SIGN_STYLE = Automatic;
				DEVELOPMENT_TEAM = JYNHF6P534;
				INFOPLIST_FILE = ShareLocationAppTests/Info.plist;
				IPHONEOS_DEPLOYMENT_TARGET = 13.7;
				LD_RUNPATH_SEARCH_PATHS = (
					"$(inherited)",
					"@executable_path/Frameworks",
					"@loader_path/Frameworks",
				);
				PRODUCT_BUNDLE_IDENTIFIER = shaxad.ShareLocationAppTests;
				PRODUCT_NAME = "$(TARGET_NAME)";
				SWIFT_VERSION = 5.0;
				TARGETED_DEVICE_FAMILY = "1,2";
				TEST_HOST = "$(BUILT_PRODUCTS_DIR)/ShareLocationApp.app/ShareLocationApp";
			};
			name = Debug;
		};
		30B34ACE251A5A8000D412E1 /* Release */ = {
			isa = XCBuildConfiguration;
			buildSettings = {
				ALWAYS_EMBED_SWIFT_STANDARD_LIBRARIES = YES;
				BUNDLE_LOADER = "$(TEST_HOST)";
				CODE_SIGN_STYLE = Automatic;
				DEVELOPMENT_TEAM = JYNHF6P534;
				INFOPLIST_FILE = ShareLocationAppTests/Info.plist;
				IPHONEOS_DEPLOYMENT_TARGET = 13.7;
				LD_RUNPATH_SEARCH_PATHS = (
					"$(inherited)",
					"@executable_path/Frameworks",
					"@loader_path/Frameworks",
				);
				PRODUCT_BUNDLE_IDENTIFIER = shaxad.ShareLocationAppTests;
				PRODUCT_NAME = "$(TARGET_NAME)";
				SWIFT_VERSION = 5.0;
				TARGETED_DEVICE_FAMILY = "1,2";
				TEST_HOST = "$(BUILT_PRODUCTS_DIR)/ShareLocationApp.app/ShareLocationApp";
			};
			name = Release;
		};
		30B34AD0251A5A8000D412E1 /* Debug */ = {
			isa = XCBuildConfiguration;
			buildSettings = {
				ALWAYS_EMBED_SWIFT_STANDARD_LIBRARIES = YES;
				CODE_SIGN_STYLE = Automatic;
				DEVELOPMENT_TEAM = JYNHF6P534;
				INFOPLIST_FILE = ShareLocationAppUITests/Info.plist;
				LD_RUNPATH_SEARCH_PATHS = (
					"$(inherited)",
					"@executable_path/Frameworks",
					"@loader_path/Frameworks",
				);
				PRODUCT_BUNDLE_IDENTIFIER = shaxad.ShareLocationAppUITests;
				PRODUCT_NAME = "$(TARGET_NAME)";
				SWIFT_VERSION = 5.0;
				TARGETED_DEVICE_FAMILY = "1,2";
				TEST_TARGET_NAME = ShareLocationApp;
			};
			name = Debug;
		};
		30B34AD1251A5A8000D412E1 /* Release */ = {
			isa = XCBuildConfiguration;
			buildSettings = {
				ALWAYS_EMBED_SWIFT_STANDARD_LIBRARIES = YES;
				CODE_SIGN_STYLE = Automatic;
				DEVELOPMENT_TEAM = JYNHF6P534;
				INFOPLIST_FILE = ShareLocationAppUITests/Info.plist;
				LD_RUNPATH_SEARCH_PATHS = (
					"$(inherited)",
					"@executable_path/Frameworks",
					"@loader_path/Frameworks",
				);
				PRODUCT_BUNDLE_IDENTIFIER = shaxad.ShareLocationAppUITests;
				PRODUCT_NAME = "$(TARGET_NAME)";
				SWIFT_VERSION = 5.0;
				TARGETED_DEVICE_FAMILY = "1,2";
				TEST_TARGET_NAME = ShareLocationApp;
			};
			name = Release;
		};
/* End XCBuildConfiguration section */

/* Begin XCConfigurationList section */
		30B34A9A251A5A7D00D412E1 /* Build configuration list for PBXProject "ShareLocationApp" */ = {
			isa = XCConfigurationList;
			buildConfigurations = (
				30B34AC7251A5A8000D412E1 /* Debug */,
				30B34AC8251A5A8000D412E1 /* Release */,
			);
			defaultConfigurationIsVisible = 0;
			defaultConfigurationName = Release;
		};
		30B34AC9251A5A8000D412E1 /* Build configuration list for PBXNativeTarget "ShareLocationApp" */ = {
			isa = XCConfigurationList;
			buildConfigurations = (
				30B34ACA251A5A8000D412E1 /* Debug */,
				30B34ACB251A5A8000D412E1 /* Release */,
			);
			defaultConfigurationIsVisible = 0;
			defaultConfigurationName = Release;
		};
		30B34ACC251A5A8000D412E1 /* Build configuration list for PBXNativeTarget "ShareLocationAppTests" */ = {
			isa = XCConfigurationList;
			buildConfigurations = (
				30B34ACD251A5A8000D412E1 /* Debug */,
				30B34ACE251A5A8000D412E1 /* Release */,
			);
			defaultConfigurationIsVisible = 0;
			defaultConfigurationName = Release;
		};
		30B34ACF251A5A8000D412E1 /* Build configuration list for PBXNativeTarget "ShareLocationAppUITests" */ = {
			isa = XCConfigurationList;
			buildConfigurations = (
				30B34AD0251A5A8000D412E1 /* Debug */,
				30B34AD1251A5A8000D412E1 /* Release */,
			);
			defaultConfigurationIsVisible = 0;
			defaultConfigurationName = Release;
		};
/* End XCConfigurationList section */
	};
	rootObject = 30B34A97251A5A7D00D412E1 /* Project object */;
}
